{
  "name": "generate-brand-content",
  "version": "1.0.0",
  "lockfileVersion": 3,
  "requires": true,
  "packages": {
    "": {
      "name": "generate-brand-content",
      "version": "1.0.0",
      "devDependencies": {
        "mock-fs": "^5.4.0"
      }
    },
    "node_modules/mock-fs": {
      "version": "5.5.0",
      "resolved": "https://registry.npmjs.org/mock-fs/-/mock-fs-5.5.0.tgz",
      "integrity": "sha512-d/P1M/RacgM3dB0sJ8rjeRNXxtapkPCUnMGmIN0ixJ16F/E4GUZCvWcSGfWGz8eaXYvn1s9baUwNjI4LOPEjiA==",
      "dev": true,
      "license": "MIT",
      "engines": {
        "node": ">=12.0.0"
      }
    }
  }
}
