{
  "name": "@hoverkraft-tech/generate-blog-post-action",
  "version": "1.0.0",
  "lockfileVersion": 3,
  "requires": true,
  "packages": {
    "": {
      "name": "@hoverkraft-tech/generate-blog-post-action",
      "version": "1.0.0",
      "license": "0BSD",
      "dependencies": {
        "humanize-ai-lib": "^1.0.0",
        "openai": "^6.9.1"
      }
    },
    "node_modules/humanize-ai-lib": {
      "version": "1.0.0",
      "resolved": "https://registry.npmjs.org/humanize-ai-lib/-/humanize-ai-lib-1.0.0.tgz",
      "integrity": "sha512-LahOO1Uqn53TC8CRb6NE0yp0d9x9mTpfU66tRVAchYEy2rAFyJQW9mm+zUmsVbsJWR8RUgIzDLD6ldexWkiGQw==",
      "license": "MIT"
    },
    "node_modules/openai": {
      "version": "6.9.1",
      "resolved": "https://registry.npmjs.org/openai/-/openai-6.9.1.tgz",
      "integrity": "sha512-vQ5Rlt0ZgB3/BNmTa7bIijYFhz3YBceAA3Z4JuoMSBftBF9YqFHIEhZakSs+O/Ad7EaoEimZvHxD5ylRjN11Lg==",
      "license": "Apache-2.0",
      "bin": {
        "openai": "bin/cli"
      },
      "peerDependencies": {
        "ws": "^8.18.0",
        "zod": "^3.25 || ^4.0"
      },
      "peerDependenciesMeta": {
        "ws": {
          "optional": true
        },
        "zod": {
          "optional": true
        }
      }
    }
  }
}
